
Microsoft Visual Studio Solution File, Format Version 12.00
# Visual Studio Version 17
VisualStudioVersion = 17.0.31903.59
MinimumVisualStudioVersion = 10.0.40219.1
Project("{2150E333-8FDC-42A3-9474-1A3956D46DE8}") = "Source", "Source", "{FF8205FF-D9D9-4283-B7B1-F6680262FFBD}"
	ProjectSection(SolutionItems) = preProject
		ReadMe.txt = ReadMe.txt
	EndProjectSection
EndProject
Project("{2150E333-8FDC-42A3-9474-1A3956D46DE8}") = "WebApi", "WebApi", "{57DEEA1A-B536-4A45-B733-859B6DC51966}"
EndProject
Project("{9A19103F-16F7-4668-BE54-9A1E7A4F7556}") = "LeonsList.WebApi", "LeonsList\LeonsList.WebApi\LeonsList.WebApi.csproj", "{A8AFEAFC-4EAA-44E9-BFD7-9FD82FFB3CC2}"
EndProject
Project("{2150E333-8FDC-42A3-9474-1A3956D46DE8}") = "Core", "Core", "{C17C1CF0-9892-4DD8-86A1-D1612299C4A8}"
EndProject
Project("{9A19103F-16F7-4668-BE54-9A1E7A4F7556}") = "LeonsList.Application", "LeonsList\LeonsList.Application\LeonsList.Application.csproj", "{B85F8CE8-B06F-4CD0-A9FF-EA3D725D7EFF}"
EndProject
Project("{9A19103F-16F7-4668-BE54-9A1E7A4F7556}") = "LeonsList.Domain", "LeonsList\LeonsList.Domain\LeonsList.Domain.csproj", "{BC6DA658-522C-4CD8-BD64-122C97CE9FD8}"
EndProject
Project("{2150E333-8FDC-42A3-9474-1A3956D46DE8}") = "Infrastructure", "Infrastructure", "{7FFC4907-8D15-4E98-A974-8F455E1DA4CA}"
EndProject
Project("{9A19103F-16F7-4668-BE54-9A1E7A4F7556}") = "LeonsList.Infrastructure.Identity", "LeonsList\LeonsList.Infrastructure.Identity\LeonsList.Infrastructure.Identity.csproj", "{E1918E0D-AEA1-4431-8CB4-9425E99CE7EC}"
EndProject
Project("{9A19103F-16F7-4668-BE54-9A1E7A4F7556}") = "LeonsList.Infrastructure.Persistence", "LeonsList\LeonsList.Infrastructure.Persistence\LeonsList.Infrastructure.Persistence.csproj", "{C096C3C6-E9ED-47F8-847A-79BCAE589D7C}"
EndProject
Project("{9A19103F-16F7-4668-BE54-9A1E7A4F7556}") = "LeonsList.Infrastructure.Shared", "LeonsList\LeonsList.Infrastructure.Shared\LeonsList.Infrastructure.Shared.csproj", "{8D6A855F-928E-4B9F-9452-1C69FD0EA8D7}"
EndProject
Global
	GlobalSection(SolutionConfigurationPlatforms) = preSolution
		Debug|Any CPU = Debug|Any CPU
		Release|Any CPU = Release|Any CPU
	EndGlobalSection
	GlobalSection(ProjectConfigurationPlatforms) = postSolution
		{A8AFEAFC-4EAA-44E9-BFD7-9FD82FFB3CC2}.Debug|Any CPU.ActiveCfg = Debug|Any CPU
		{A8AFEAFC-4EAA-44E9-BFD7-9FD82FFB3CC2}.Debug|Any CPU.Build.0 = Debug|Any CPU
		{A8AFEAFC-4EAA-44E9-BFD7-9FD82FFB3CC2}.Release|Any CPU.ActiveCfg = Release|Any CPU
		{A8AFEAFC-4EAA-44E9-BFD7-9FD82FFB3CC2}.Release|Any CPU.Build.0 = Release|Any CPU
		{B85F8CE8-B06F-4CD0-A9FF-EA3D725D7EFF}.Debug|Any CPU.ActiveCfg = Debug|Any CPU
		{B85F8CE8-B06F-4CD0-A9FF-EA3D725D7EFF}.Debug|Any CPU.Build.0 = Debug|Any CPU
		{B85F8CE8-B06F-4CD0-A9FF-EA3D725D7EFF}.Release|Any CPU.ActiveCfg = Release|Any CPU
		{B85F8CE8-B06F-4CD0-A9FF-EA3D725D7EFF}.Release|Any CPU.Build.0 = Release|Any CPU
		{BC6DA658-522C-4CD8-BD64-122C97CE9FD8}.Debug|Any CPU.ActiveCfg = Debug|Any CPU
		{BC6DA658-522C-4CD8-BD64-122C97CE9FD8}.Debug|Any CPU.Build.0 = Debug|Any CPU
		{BC6DA658-522C-4CD8-BD64-122C97CE9FD8}.Release|Any CPU.ActiveCfg = Release|Any CPU
		{BC6DA658-522C-4CD8-BD64-122C97CE9FD8}.Release|Any CPU.Build.0 = Release|Any CPU
		{E1918E0D-AEA1-4431-8CB4-9425E99CE7EC}.Debug|Any CPU.ActiveCfg = Debug|Any CPU
		{E1918E0D-AEA1-4431-8CB4-9425E99CE7EC}.Debug|Any CPU.Build.0 = Debug|Any CPU
		{E1918E0D-AEA1-4431-8CB4-9425E99CE7EC}.Release|Any CPU.ActiveCfg = Release|Any CPU
		{E1918E0D-AEA1-4431-8CB4-9425E99CE7EC}.Release|Any CPU.Build.0 = Release|Any CPU
		{C096C3C6-E9ED-47F8-847A-79BCAE589D7C}.Debug|Any CPU.ActiveCfg = Debug|Any CPU
		{C096C3C6-E9ED-47F8-847A-79BCAE589D7C}.Debug|Any CPU.Build.0 = Debug|Any CPU
		{C096C3C6-E9ED-47F8-847A-79BCAE589D7C}.Release|Any CPU.ActiveCfg = Release|Any CPU
		{C096C3C6-E9ED-47F8-847A-79BCAE589D7C}.Release|Any CPU.Build.0 = Release|Any CPU
		{8D6A855F-928E-4B9F-9452-1C69FD0EA8D7}.Debug|Any CPU.ActiveCfg = Debug|Any CPU
		{8D6A855F-928E-4B9F-9452-1C69FD0EA8D7}.Debug|Any CPU.Build.0 = Debug|Any CPU
		{8D6A855F-928E-4B9F-9452-1C69FD0EA8D7}.Release|Any CPU.ActiveCfg = Release|Any CPU
		{8D6A855F-928E-4B9F-9452-1C69FD0EA8D7}.Release|Any CPU.Build.0 = Release|Any CPU
	EndGlobalSection
	GlobalSection(SolutionProperties) = preSolution
		HideSolutionNode = FALSE
	EndGlobalSection
	GlobalSection(NestedProjects) = preSolution
		{57DEEA1A-B536-4A45-B733-859B6DC51966} = {FF8205FF-D9D9-4283-B7B1-F6680262FFBD}
		{A8AFEAFC-4EAA-44E9-BFD7-9FD82FFB3CC2} = {57DEEA1A-B536-4A45-B733-859B6DC51966}
		{C17C1CF0-9892-4DD8-86A1-D1612299C4A8} = {FF8205FF-D9D9-4283-B7B1-F6680262FFBD}
		{B85F8CE8-B06F-4CD0-A9FF-EA3D725D7EFF} = {C17C1CF0-9892-4DD8-86A1-D1612299C4A8}
		{BC6DA658-522C-4CD8-BD64-122C97CE9FD8} = {C17C1CF0-9892-4DD8-86A1-D1612299C4A8}
		{7FFC4907-8D15-4E98-A974-8F455E1DA4CA} = {FF8205FF-D9D9-4283-B7B1-F6680262FFBD}
		{E1918E0D-AEA1-4431-8CB4-9425E99CE7EC} = {7FFC4907-8D15-4E98-A974-8F455E1DA4CA}
		{C096C3C6-E9ED-47F8-847A-79BCAE589D7C} = {7FFC4907-8D15-4E98-A974-8F455E1DA4CA}
		{8D6A855F-928E-4B9F-9452-1C69FD0EA8D7} = {7FFC4907-8D15-4E98-A974-8F455E1DA4CA}
	EndGlobalSection
	GlobalSection(ExtensibilityGlobals) = postSolution
		SolutionGuid = {F9F3DBF1-2B46-4AC1-91CE-2C2947443A83}
	EndGlobalSection
EndGlobal
